
Microsoft Visual Studio Solution File, Format Version 12.00
# Visual Studio Version 17
VisualStudioVersion = 17.12.35527.113
MinimumVisualStudioVersion = 10.0.40219.1
Project("{FAE04EC0-301F-11D3-BF4B-00C04F79EFBC}") = "BacktraderLib", "BacktraderLib\BacktraderLib.csproj", "{3F1F9D2A-2ED6-4D7A-96CB-2FFB4B32C847}"
EndProject
Project("{2150E333-8FDC-42A3-9474-1A3956D46DE8}") = "Solution Items", "Solution Items", "{0A8DD9F4-5341-4A0B-A9DE-6E7207AC46D2}"
	ProjectSection(SolutionItems) = preProject
		.gitignore = .gitignore
		DevelopmentGuide.md = DevelopmentGuide.md
		Directory.Build.props = Directory.Build.props
		License.txt = License.txt
		README.md = README.md
	EndProjectSection
EndProject
Project("{2150E333-8FDC-42A3-9474-1A3956D46DE8}") = "Play", "Play", "{BD544332-FD7D-4F2F-ADCE-B96F4291A567}"
EndProject
Project("{FAE04EC0-301F-11D3-BF4B-00C04F79EFBC}") = "Play", "Play\Play\Play.csproj", "{0E935B30-D322-4AF5-947D-509787E433CE}"
EndProject
Project("{2150E333-8FDC-42A3-9474-1A3956D46DE8}") = "Tests", "Tests", "{7D3A5C00-D835-4C5D-ACF5-B1471E273713}"
EndProject
Project("{FAE04EC0-301F-11D3-BF4B-00C04F79EFBC}") = "BacktraderLib.Tests", "Tests\BacktraderLib.Tests\BacktraderLib.Tests.csproj", "{4705D287-6271-4A85-B344-E1828FD44A09}"
EndProject
Project("{2150E333-8FDC-42A3-9474-1A3956D46DE8}") = "Tools", "Tools", "{3EDE982A-79E6-475A-AAE5-EA4C076007E3}"
EndProject
Project("{FAE04EC0-301F-11D3-BF4B-00C04F79EFBC}") = "BacktraderReverser", "Tools\BacktraderReverser\BacktraderReverser.csproj", "{C6EA8289-A6EF-46A0-855E-143E29983EB7}"
EndProject
Project("{2150E333-8FDC-42A3-9474-1A3956D46DE8}") = "FeedsOld", "FeedsOld", "{02EA681E-C7D8-13C7-8484-4AC65E1B71E8}"
EndProject
Project("{2150E333-8FDC-42A3-9474-1A3956D46DE8}") = "Base", "Base", "{0946170A-7178-4B9B-A594-6903E642943F}"
EndProject
Project("{FAE04EC0-301F-11D3-BF4B-00C04F79EFBC}") = "Frames", "Base\Frames\Frames.csproj", "{A17B5FB2-FA12-4082-8AB1-747D1EDC8145}"
EndProject
Project("{FAE04EC0-301F-11D3-BF4B-00C04F79EFBC}") = "PrettyPrinting", "Base\PrettyPrinting\PrettyPrinting.csproj", "{3FC81F69-7778-4DC0-99C4-12F3DB5E0EAE}"
EndProject
Project("{FAE04EC0-301F-11D3-BF4B-00C04F79EFBC}") = "BaseUtils", "Base\BaseUtils\BaseUtils.csproj", "{585C3E6E-8561-4F02-A4F3-57E416FD533A}"
EndProject
Project("{FAE04EC0-301F-11D3-BF4B-00C04F79EFBC}") = "FeedUtils", "Base\FeedUtils\FeedUtils.csproj", "{9EF69046-DD12-4EB3-8034-2F0F10DFB9C1}"
EndProject
Project("{2150E333-8FDC-42A3-9474-1A3956D46DE8}") = "Feeds", "Feeds", "{DEAE1EA9-CC0C-4959-955D-C98BB7445BC9}"
EndProject
Project("{FAE04EC0-301F-11D3-BF4B-00C04F79EFBC}") = "Feed.SEC.Tests", "Tests\Feeds\Feed.SEC.Tests\Feed.SEC.Tests.csproj", "{1A1B78B3-E6F4-4C50-89ED-6FA9BE6ECCD1}"
EndProject
Project("{FAE04EC0-301F-11D3-BF4B-00C04F79EFBC}") = "SECFetcher", "Tools\SECFetcher\SECFetcher.csproj", "{46320BEB-D2AB-4F06-9F5B-85E1438CEC48}"
EndProject
Project("{FAE04EC0-301F-11D3-BF4B-00C04F79EFBC}") = "TreeLib", "Base\TreeLib\TreeLib.csproj", "{DC032104-FB8B-49F0-9D88-79A57C72D33D}"
EndProject
Project("{FAE04EC0-301F-11D3-BF4B-00C04F79EFBC}") = "ScrapeUtils", "Base\ScrapeUtils\ScrapeUtils.csproj", "{586DF86F-CB96-4418-B378-11D866ABF7B4}"
EndProject
Project("{FAE04EC0-301F-11D3-BF4B-00C04F79EFBC}") = "WebScript", "Play\WebScript\WebScript.csproj", "{266B60D0-1436-4B2D-AA53-0AAF3F5A4D62}"
EndProject
Project("{FAE04EC0-301F-11D3-BF4B-00C04F79EFBC}") = "RxLib", "Base\RxLib\RxLib.csproj", "{EE1E6CB2-5CF7-4CFA-AA3F-B6686FAD0B2B}"
EndProject
Project("{FAE04EC0-301F-11D3-BF4B-00C04F79EFBC}") = "Feed.Best", "FeedsOld\Feed.Best\Feed.Best.csproj", "{29F411E5-F742-C582-FE7A-BE7F642BD0DE}"
EndProject
Project("{FAE04EC0-301F-11D3-BF4B-00C04F79EFBC}") = "Feed.NoPrefs", "FeedsOld\Feed.NoPrefs\Feed.NoPrefs.csproj", "{2A9572BB-AB7D-CCCA-986F-E8C91EA4CB28}"
EndProject
Project("{FAE04EC0-301F-11D3-BF4B-00C04F79EFBC}") = "Feed.SEC", "FeedsOld\Feed.SEC\Feed.SEC.csproj", "{7D1B0A00-438C-DA8E-233F-B5DBEA94F540}"
EndProject
Project("{FAE04EC0-301F-11D3-BF4B-00C04F79EFBC}") = "Feed.Trading212", "FeedsOld\Feed.Trading212\Feed.Trading212.csproj", "{938C8B62-9E81-CD92-07BD-34BB22EA6FC7}"
EndProject
Project("{FAE04EC0-301F-11D3-BF4B-00C04F79EFBC}") = "Feed.TwelveData", "FeedsOld\Feed.TwelveData\Feed.TwelveData.csproj", "{6D38FB15-8BEC-D0BB-B1CF-13D7536D7F5B}"
EndProject
Project("{FAE04EC0-301F-11D3-BF4B-00C04F79EFBC}") = "Feed.Universe", "FeedsOld\Feed.Universe\Feed.Universe.csproj", "{8C5A1C5B-4A83-1285-3CCE-0700D5959EAC}"
EndProject
Project("{FAE04EC0-301F-11D3-BF4B-00C04F79EFBC}") = "Feed.Yahoo", "FeedsOld\Feed.Yahoo\Feed.Yahoo.csproj", "{C6DF19AB-2600-A542-86D1-D3669427471D}"
EndProject
Project("{FAE04EC0-301F-11D3-BF4B-00C04F79EFBC}") = "Feed.YahooOoples", "FeedsOld\Feed.YahooOoples\Feed.YahooOoples.csproj", "{C426445A-80E0-759E-CFC0-56053D12F5C0}"
EndProject
Project("{2150E333-8FDC-42A3-9474-1A3956D46DE8}") = "Feeds", "Feeds", "{BDED9B01-E23C-4CFD-A53A-2AE47F775EBC}"
EndProject
Project("{FAE04EC0-301F-11D3-BF4B-00C04F79EFBC}") = "Feed.TwelveData", "Feeds\Feed.TwelveData\Feed.TwelveData.csproj", "{CEBF3C53-3E96-4A35-9EDD-0F4EE6AACB9C}"
EndProject
Project("{FAE04EC0-301F-11D3-BF4B-00C04F79EFBC}") = "FeedStructs", "Base\FeedStructs\FeedStructs.csproj", "{A079C418-E360-43D2-8C45-845075BF4C8F}"
EndProject
Project("{FAE04EC0-301F-11D3-BF4B-00C04F79EFBC}") = "Feed.Symbology", "Feeds\Feed.Symbology\Feed.Symbology.csproj", "{CB89BF35-C392-4878-B451-8708FA533882}"
EndProject
Project("{FAE04EC0-301F-11D3-BF4B-00C04F79EFBC}") = "Feed.Final", "Feeds\Feed.Final\Feed.Final.csproj", "{25FEA545-2262-4C19-AA49-419C4DAE8065}"
EndProject
Project("{FAE04EC0-301F-11D3-BF4B-00C04F79EFBC}") = "Feed.SEC", "Feeds\Feed.SEC\Feed.SEC.csproj", "{ECC77F53-C85D-4D41-95B9-21F9A0EFA370}"
EndProject
Global
	GlobalSection(SolutionConfigurationPlatforms) = preSolution
		Debug|Any CPU = Debug|Any CPU
		Release|Any CPU = Release|Any CPU
	EndGlobalSection
	GlobalSection(ProjectConfigurationPlatforms) = postSolution
		{3F1F9D2A-2ED6-4D7A-96CB-2FFB4B32C847}.Debug|Any CPU.ActiveCfg = Debug|Any CPU
		{3F1F9D2A-2ED6-4D7A-96CB-2FFB4B32C847}.Debug|Any CPU.Build.0 = Debug|Any CPU
		{3F1F9D2A-2ED6-4D7A-96CB-2FFB4B32C847}.Release|Any CPU.ActiveCfg = Release|Any CPU
		{3F1F9D2A-2ED6-4D7A-96CB-2FFB4B32C847}.Release|Any CPU.Build.0 = Release|Any CPU
		{0E935B30-D322-4AF5-947D-509787E433CE}.Debug|Any CPU.ActiveCfg = Debug|Any CPU
		{0E935B30-D322-4AF5-947D-509787E433CE}.Debug|Any CPU.Build.0 = Debug|Any CPU
		{0E935B30-D322-4AF5-947D-509787E433CE}.Release|Any CPU.ActiveCfg = Release|Any CPU
		{0E935B30-D322-4AF5-947D-509787E433CE}.Release|Any CPU.Build.0 = Release|Any CPU
		{4705D287-6271-4A85-B344-E1828FD44A09}.Debug|Any CPU.ActiveCfg = Debug|Any CPU
		{4705D287-6271-4A85-B344-E1828FD44A09}.Debug|Any CPU.Build.0 = Debug|Any CPU
		{4705D287-6271-4A85-B344-E1828FD44A09}.Release|Any CPU.ActiveCfg = Release|Any CPU
		{4705D287-6271-4A85-B344-E1828FD44A09}.Release|Any CPU.Build.0 = Release|Any CPU
		{C6EA8289-A6EF-46A0-855E-143E29983EB7}.Debug|Any CPU.ActiveCfg = Debug|Any CPU
		{C6EA8289-A6EF-46A0-855E-143E29983EB7}.Debug|Any CPU.Build.0 = Debug|Any CPU
		{C6EA8289-A6EF-46A0-855E-143E29983EB7}.Release|Any CPU.ActiveCfg = Release|Any CPU
		{C6EA8289-A6EF-46A0-855E-143E29983EB7}.Release|Any CPU.Build.0 = Release|Any CPU
		{A17B5FB2-FA12-4082-8AB1-747D1EDC8145}.Debug|Any CPU.ActiveCfg = Debug|Any CPU
		{A17B5FB2-FA12-4082-8AB1-747D1EDC8145}.Debug|Any CPU.Build.0 = Debug|Any CPU
		{A17B5FB2-FA12-4082-8AB1-747D1EDC8145}.Release|Any CPU.ActiveCfg = Release|Any CPU
		{A17B5FB2-FA12-4082-8AB1-747D1EDC8145}.Release|Any CPU.Build.0 = Release|Any CPU
		{3FC81F69-7778-4DC0-99C4-12F3DB5E0EAE}.Debug|Any CPU.ActiveCfg = Debug|Any CPU
		{3FC81F69-7778-4DC0-99C4-12F3DB5E0EAE}.Debug|Any CPU.Build.0 = Debug|Any CPU
		{3FC81F69-7778-4DC0-99C4-12F3DB5E0EAE}.Release|Any CPU.ActiveCfg = Release|Any CPU
		{3FC81F69-7778-4DC0-99C4-12F3DB5E0EAE}.Release|Any CPU.Build.0 = Release|Any CPU
		{585C3E6E-8561-4F02-A4F3-57E416FD533A}.Debug|Any CPU.ActiveCfg = Debug|Any CPU
		{585C3E6E-8561-4F02-A4F3-57E416FD533A}.Debug|Any CPU.Build.0 = Debug|Any CPU
		{585C3E6E-8561-4F02-A4F3-57E416FD533A}.Release|Any CPU.ActiveCfg = Release|Any CPU
		{585C3E6E-8561-4F02-A4F3-57E416FD533A}.Release|Any CPU.Build.0 = Release|Any CPU
		{9EF69046-DD12-4EB3-8034-2F0F10DFB9C1}.Debug|Any CPU.ActiveCfg = Debug|Any CPU
		{9EF69046-DD12-4EB3-8034-2F0F10DFB9C1}.Debug|Any CPU.Build.0 = Debug|Any CPU
		{9EF69046-DD12-4EB3-8034-2F0F10DFB9C1}.Release|Any CPU.ActiveCfg = Release|Any CPU
		{9EF69046-DD12-4EB3-8034-2F0F10DFB9C1}.Release|Any CPU.Build.0 = Release|Any CPU
		{1A1B78B3-E6F4-4C50-89ED-6FA9BE6ECCD1}.Debug|Any CPU.ActiveCfg = Debug|Any CPU
		{1A1B78B3-E6F4-4C50-89ED-6FA9BE6ECCD1}.Debug|Any CPU.Build.0 = Debug|Any CPU
		{1A1B78B3-E6F4-4C50-89ED-6FA9BE6ECCD1}.Release|Any CPU.ActiveCfg = Release|Any CPU
		{1A1B78B3-E6F4-4C50-89ED-6FA9BE6ECCD1}.Release|Any CPU.Build.0 = Release|Any CPU
		{46320BEB-D2AB-4F06-9F5B-85E1438CEC48}.Debug|Any CPU.ActiveCfg = Debug|Any CPU
		{46320BEB-D2AB-4F06-9F5B-85E1438CEC48}.Debug|Any CPU.Build.0 = Debug|Any CPU
		{46320BEB-D2AB-4F06-9F5B-85E1438CEC48}.Release|Any CPU.ActiveCfg = Release|Any CPU
		{46320BEB-D2AB-4F06-9F5B-85E1438CEC48}.Release|Any CPU.Build.0 = Release|Any CPU
		{DC032104-FB8B-49F0-9D88-79A57C72D33D}.Debug|Any CPU.ActiveCfg = Debug|Any CPU
		{DC032104-FB8B-49F0-9D88-79A57C72D33D}.Debug|Any CPU.Build.0 = Debug|Any CPU
		{DC032104-FB8B-49F0-9D88-79A57C72D33D}.Release|Any CPU.ActiveCfg = Release|Any CPU
		{DC032104-FB8B-49F0-9D88-79A57C72D33D}.Release|Any CPU.Build.0 = Release|Any CPU
		{586DF86F-CB96-4418-B378-11D866ABF7B4}.Debug|Any CPU.ActiveCfg = Debug|Any CPU
		{586DF86F-CB96-4418-B378-11D866ABF7B4}.Debug|Any CPU.Build.0 = Debug|Any CPU
		{586DF86F-CB96-4418-B378-11D866ABF7B4}.Release|Any CPU.ActiveCfg = Release|Any CPU
		{586DF86F-CB96-4418-B378-11D866ABF7B4}.Release|Any CPU.Build.0 = Release|Any CPU
		{266B60D0-1436-4B2D-AA53-0AAF3F5A4D62}.Debug|Any CPU.ActiveCfg = Debug|Any CPU
		{266B60D0-1436-4B2D-AA53-0AAF3F5A4D62}.Debug|Any CPU.Build.0 = Debug|Any CPU
		{266B60D0-1436-4B2D-AA53-0AAF3F5A4D62}.Release|Any CPU.ActiveCfg = Release|Any CPU
		{266B60D0-1436-4B2D-AA53-0AAF3F5A4D62}.Release|Any CPU.Build.0 = Release|Any CPU
		{EE1E6CB2-5CF7-4CFA-AA3F-B6686FAD0B2B}.Debug|Any CPU.ActiveCfg = Debug|Any CPU
		{EE1E6CB2-5CF7-4CFA-AA3F-B6686FAD0B2B}.Debug|Any CPU.Build.0 = Debug|Any CPU
		{EE1E6CB2-5CF7-4CFA-AA3F-B6686FAD0B2B}.Release|Any CPU.ActiveCfg = Release|Any CPU
		{EE1E6CB2-5CF7-4CFA-AA3F-B6686FAD0B2B}.Release|Any CPU.Build.0 = Release|Any CPU
		{29F411E5-F742-C582-FE7A-BE7F642BD0DE}.Debug|Any CPU.ActiveCfg = Debug|Any CPU
		{29F411E5-F742-C582-FE7A-BE7F642BD0DE}.Debug|Any CPU.Build.0 = Debug|Any CPU
		{29F411E5-F742-C582-FE7A-BE7F642BD0DE}.Release|Any CPU.ActiveCfg = Release|Any CPU
		{29F411E5-F742-C582-FE7A-BE7F642BD0DE}.Release|Any CPU.Build.0 = Release|Any CPU
		{2A9572BB-AB7D-CCCA-986F-E8C91EA4CB28}.Debug|Any CPU.ActiveCfg = Debug|Any CPU
		{2A9572BB-AB7D-CCCA-986F-E8C91EA4CB28}.Debug|Any CPU.Build.0 = Debug|Any CPU
		{2A9572BB-AB7D-CCCA-986F-E8C91EA4CB28}.Release|Any CPU.ActiveCfg = Release|Any CPU
		{2A9572BB-AB7D-CCCA-986F-E8C91EA4CB28}.Release|Any CPU.Build.0 = Release|Any CPU
		{7D1B0A00-438C-DA8E-233F-B5DBEA94F540}.Debug|Any CPU.ActiveCfg = Debug|Any CPU
		{7D1B0A00-438C-DA8E-233F-B5DBEA94F540}.Debug|Any CPU.Build.0 = Debug|Any CPU
		{7D1B0A00-438C-DA8E-233F-B5DBEA94F540}.Release|Any CPU.ActiveCfg = Release|Any CPU
		{7D1B0A00-438C-DA8E-233F-B5DBEA94F540}.Release|Any CPU.Build.0 = Release|Any CPU
		{938C8B62-9E81-CD92-07BD-34BB22EA6FC7}.Debug|Any CPU.ActiveCfg = Debug|Any CPU
		{938C8B62-9E81-CD92-07BD-34BB22EA6FC7}.Debug|Any CPU.Build.0 = Debug|Any CPU
		{938C8B62-9E81-CD92-07BD-34BB22EA6FC7}.Release|Any CPU.ActiveCfg = Release|Any CPU
		{938C8B62-9E81-CD92-07BD-34BB22EA6FC7}.Release|Any CPU.Build.0 = Release|Any CPU
		{6D38FB15-8BEC-D0BB-B1CF-13D7536D7F5B}.Debug|Any CPU.ActiveCfg = Debug|Any CPU
		{6D38FB15-8BEC-D0BB-B1CF-13D7536D7F5B}.Debug|Any CPU.Build.0 = Debug|Any CPU
		{6D38FB15-8BEC-D0BB-B1CF-13D7536D7F5B}.Release|Any CPU.ActiveCfg = Release|Any CPU
		{6D38FB15-8BEC-D0BB-B1CF-13D7536D7F5B}.Release|Any CPU.Build.0 = Release|Any CPU
		{8C5A1C5B-4A83-1285-3CCE-0700D5959EAC}.Debug|Any CPU.ActiveCfg = Debug|Any CPU
		{8C5A1C5B-4A83-1285-3CCE-0700D5959EAC}.Debug|Any CPU.Build.0 = Debug|Any CPU
		{8C5A1C5B-4A83-1285-3CCE-0700D5959EAC}.Release|Any CPU.ActiveCfg = Release|Any CPU
		{8C5A1C5B-4A83-1285-3CCE-0700D5959EAC}.Release|Any CPU.Build.0 = Release|Any CPU
		{C6DF19AB-2600-A542-86D1-D3669427471D}.Debug|Any CPU.ActiveCfg = Debug|Any CPU
		{C6DF19AB-2600-A542-86D1-D3669427471D}.Debug|Any CPU.Build.0 = Debug|Any CPU
		{C6DF19AB-2600-A542-86D1-D3669427471D}.Release|Any CPU.ActiveCfg = Release|Any CPU
		{C6DF19AB-2600-A542-86D1-D3669427471D}.Release|Any CPU.Build.0 = Release|Any CPU
		{C426445A-80E0-759E-CFC0-56053D12F5C0}.Debug|Any CPU.ActiveCfg = Debug|Any CPU
		{C426445A-80E0-759E-CFC0-56053D12F5C0}.Debug|Any CPU.Build.0 = Debug|Any CPU
		{C426445A-80E0-759E-CFC0-56053D12F5C0}.Release|Any CPU.ActiveCfg = Release|Any CPU
		{C426445A-80E0-759E-CFC0-56053D12F5C0}.Release|Any CPU.Build.0 = Release|Any CPU
		{CEBF3C53-3E96-4A35-9EDD-0F4EE6AACB9C}.Debug|Any CPU.ActiveCfg = Debug|Any CPU
		{CEBF3C53-3E96-4A35-9EDD-0F4EE6AACB9C}.Debug|Any CPU.Build.0 = Debug|Any CPU
		{CEBF3C53-3E96-4A35-9EDD-0F4EE6AACB9C}.Release|Any CPU.ActiveCfg = Release|Any CPU
		{CEBF3C53-3E96-4A35-9EDD-0F4EE6AACB9C}.Release|Any CPU.Build.0 = Release|Any CPU
		{A079C418-E360-43D2-8C45-845075BF4C8F}.Debug|Any CPU.ActiveCfg = Debug|Any CPU
		{A079C418-E360-43D2-8C45-845075BF4C8F}.Debug|Any CPU.Build.0 = Debug|Any CPU
		{A079C418-E360-43D2-8C45-845075BF4C8F}.Release|Any CPU.ActiveCfg = Release|Any CPU
		{A079C418-E360-43D2-8C45-845075BF4C8F}.Release|Any CPU.Build.0 = Release|Any CPU
		{CB89BF35-C392-4878-B451-8708FA533882}.Debug|Any CPU.ActiveCfg = Debug|Any CPU
		{CB89BF35-C392-4878-B451-8708FA533882}.Debug|Any CPU.Build.0 = Debug|Any CPU
		{CB89BF35-C392-4878-B451-8708FA533882}.Release|Any CPU.ActiveCfg = Release|Any CPU
		{CB89BF35-C392-4878-B451-8708FA533882}.Release|Any CPU.Build.0 = Release|Any CPU
		{25FEA545-2262-4C19-AA49-419C4DAE8065}.Debug|Any CPU.ActiveCfg = Debug|Any CPU
		{25FEA545-2262-4C19-AA49-419C4DAE8065}.Debug|Any CPU.Build.0 = Debug|Any CPU
		{25FEA545-2262-4C19-AA49-419C4DAE8065}.Release|Any CPU.ActiveCfg = Release|Any CPU
		{25FEA545-2262-4C19-AA49-419C4DAE8065}.Release|Any CPU.Build.0 = Release|Any CPU
		{ECC77F53-C85D-4D41-95B9-21F9A0EFA370}.Debug|Any CPU.ActiveCfg = Debug|Any CPU
		{ECC77F53-C85D-4D41-95B9-21F9A0EFA370}.Debug|Any CPU.Build.0 = Debug|Any CPU
		{ECC77F53-C85D-4D41-95B9-21F9A0EFA370}.Release|Any CPU.ActiveCfg = Release|Any CPU
		{ECC77F53-C85D-4D41-95B9-21F9A0EFA370}.Release|Any CPU.Build.0 = Release|Any CPU
	EndGlobalSection
	GlobalSection(SolutionProperties) = preSolution
		HideSolutionNode = FALSE
	EndGlobalSection
	GlobalSection(NestedProjects) = preSolution
		{0E935B30-D322-4AF5-947D-509787E433CE} = {BD544332-FD7D-4F2F-ADCE-B96F4291A567}
		{4705D287-6271-4A85-B344-E1828FD44A09} = {7D3A5C00-D835-4C5D-ACF5-B1471E273713}
		{C6EA8289-A6EF-46A0-855E-143E29983EB7} = {3EDE982A-79E6-475A-AAE5-EA4C076007E3}
		{A17B5FB2-FA12-4082-8AB1-747D1EDC8145} = {0946170A-7178-4B9B-A594-6903E642943F}
		{3FC81F69-7778-4DC0-99C4-12F3DB5E0EAE} = {0946170A-7178-4B9B-A594-6903E642943F}
		{585C3E6E-8561-4F02-A4F3-57E416FD533A} = {0946170A-7178-4B9B-A594-6903E642943F}
		{9EF69046-DD12-4EB3-8034-2F0F10DFB9C1} = {0946170A-7178-4B9B-A594-6903E642943F}
		{DEAE1EA9-CC0C-4959-955D-C98BB7445BC9} = {7D3A5C00-D835-4C5D-ACF5-B1471E273713}
		{1A1B78B3-E6F4-4C50-89ED-6FA9BE6ECCD1} = {DEAE1EA9-CC0C-4959-955D-C98BB7445BC9}
		{46320BEB-D2AB-4F06-9F5B-85E1438CEC48} = {3EDE982A-79E6-475A-AAE5-EA4C076007E3}
		{DC032104-FB8B-49F0-9D88-79A57C72D33D} = {0946170A-7178-4B9B-A594-6903E642943F}
		{586DF86F-CB96-4418-B378-11D866ABF7B4} = {0946170A-7178-4B9B-A594-6903E642943F}
		{266B60D0-1436-4B2D-AA53-0AAF3F5A4D62} = {BD544332-FD7D-4F2F-ADCE-B96F4291A567}
		{EE1E6CB2-5CF7-4CFA-AA3F-B6686FAD0B2B} = {0946170A-7178-4B9B-A594-6903E642943F}
		{29F411E5-F742-C582-FE7A-BE7F642BD0DE} = {02EA681E-C7D8-13C7-8484-4AC65E1B71E8}
		{2A9572BB-AB7D-CCCA-986F-E8C91EA4CB28} = {02EA681E-C7D8-13C7-8484-4AC65E1B71E8}
		{7D1B0A00-438C-DA8E-233F-B5DBEA94F540} = {02EA681E-C7D8-13C7-8484-4AC65E1B71E8}
		{938C8B62-9E81-CD92-07BD-34BB22EA6FC7} = {02EA681E-C7D8-13C7-8484-4AC65E1B71E8}
		{6D38FB15-8BEC-D0BB-B1CF-13D7536D7F5B} = {02EA681E-C7D8-13C7-8484-4AC65E1B71E8}
		{8C5A1C5B-4A83-1285-3CCE-0700D5959EAC} = {02EA681E-C7D8-13C7-8484-4AC65E1B71E8}
		{C6DF19AB-2600-A542-86D1-D3669427471D} = {02EA681E-C7D8-13C7-8484-4AC65E1B71E8}
		{C426445A-80E0-759E-CFC0-56053D12F5C0} = {02EA681E-C7D8-13C7-8484-4AC65E1B71E8}
		{CEBF3C53-3E96-4A35-9EDD-0F4EE6AACB9C} = {BDED9B01-E23C-4CFD-A53A-2AE47F775EBC}
		{A079C418-E360-43D2-8C45-845075BF4C8F} = {0946170A-7178-4B9B-A594-6903E642943F}
		{CB89BF35-C392-4878-B451-8708FA533882} = {BDED9B01-E23C-4CFD-A53A-2AE47F775EBC}
		{25FEA545-2262-4C19-AA49-419C4DAE8065} = {BDED9B01-E23C-4CFD-A53A-2AE47F775EBC}
		{ECC77F53-C85D-4D41-95B9-21F9A0EFA370} = {BDED9B01-E23C-4CFD-A53A-2AE47F775EBC}
	EndGlobalSection
	GlobalSection(ExtensibilityGlobals) = postSolution
		SolutionGuid = {A7A8AEEE-1DC4-48AB-B408-B585C3FA091C}
	EndGlobalSection
EndGlobal
