
Microsoft Visual Studio Solution File, Format Version 12.00
# Visual Studio Version 17
VisualStudioVersion = 17.12.35527.113
MinimumVisualStudioVersion = 10.0.40219.1
Project("{FAE04EC0-301F-11D3-BF4B-00C04F79EFBC}") = "BacktraderLib", "BacktraderLib\BacktraderLib.csproj", "{3F1F9D2A-2ED6-4D7A-96CB-2FFB4B32C847}"
EndProject
Project("{2150E333-8FDC-42A3-9474-1A3956D46DE8}") = "Solution Items", "Solution Items", "{0A8DD9F4-5341-4A0B-A9DE-6E7207AC46D2}"
	ProjectSection(SolutionItems) = preProject
		.gitignore = .gitignore
		DevelopmentGuide.md = DevelopmentGuide.md
		Directory.Build.props = Directory.Build.props
		License.txt = License.txt
		README.md = README.md
	EndProjectSection
EndProject
Project("{2150E333-8FDC-42A3-9474-1A3956D46DE8}") = "Play", "Play", "{BD544332-FD7D-4F2F-ADCE-B96F4291A567}"
EndProject
Project("{FAE04EC0-301F-11D3-BF4B-00C04F79EFBC}") = "Play", "Play\Play\Play.csproj", "{0E935B30-D322-4AF5-947D-509787E433CE}"
EndProject
Project("{2150E333-8FDC-42A3-9474-1A3956D46DE8}") = "Tests", "Tests", "{7D3A5C00-D835-4C5D-ACF5-B1471E273713}"
EndProject
Project("{FAE04EC0-301F-11D3-BF4B-00C04F79EFBC}") = "BacktraderLib.Tests", "Tests\BacktraderLib.Tests\BacktraderLib.Tests.csproj", "{4705D287-6271-4A85-B344-E1828FD44A09}"
EndProject
Project("{2150E333-8FDC-42A3-9474-1A3956D46DE8}") = "Tools", "Tools", "{3EDE982A-79E6-475A-AAE5-EA4C076007E3}"
EndProject
Project("{FAE04EC0-301F-11D3-BF4B-00C04F79EFBC}") = "BacktraderReverser", "Tools\BacktraderReverser\BacktraderReverser.csproj", "{C6EA8289-A6EF-46A0-855E-143E29983EB7}"
EndProject
Project("{2150E333-8FDC-42A3-9474-1A3956D46DE8}") = "Feeds", "Feeds", "{02EA681E-C7D8-13C7-8484-4AC65E1B71E8}"
EndProject
Project("{FAE04EC0-301F-11D3-BF4B-00C04F79EFBC}") = "Feed.NoPrefs", "Feeds\Feed.NoPrefs\Feed.NoPrefs.csproj", "{E6E548FB-0D35-4CA1-A9EC-C66A9C23EE7D}"
EndProject
Project("{2150E333-8FDC-42A3-9474-1A3956D46DE8}") = "Base", "Base", "{0946170A-7178-4B9B-A594-6903E642943F}"
EndProject
Project("{FAE04EC0-301F-11D3-BF4B-00C04F79EFBC}") = "Frames", "Base\Frames\Frames.csproj", "{A17B5FB2-FA12-4082-8AB1-747D1EDC8145}"
EndProject
Project("{FAE04EC0-301F-11D3-BF4B-00C04F79EFBC}") = "PrettyPrinting", "Base\PrettyPrinting\PrettyPrinting.csproj", "{3FC81F69-7778-4DC0-99C4-12F3DB5E0EAE}"
EndProject
Project("{FAE04EC0-301F-11D3-BF4B-00C04F79EFBC}") = "BaseUtils", "Base\BaseUtils\BaseUtils.csproj", "{585C3E6E-8561-4F02-A4F3-57E416FD533A}"
EndProject
Project("{FAE04EC0-301F-11D3-BF4B-00C04F79EFBC}") = "Feed.Yahoo", "Feeds\Feed.Yahoo\Feed.Yahoo.csproj", "{289E924D-AA3E-4174-A209-E2C95BE91680}"
EndProject
Project("{FAE04EC0-301F-11D3-BF4B-00C04F79EFBC}") = "Feed.TwelveData", "Feeds\Feed.TwelveData\Feed.TwelveData.csproj", "{2BBCE09E-6458-4B44-A80F-F6130C13BF10}"
EndProject
Project("{FAE04EC0-301F-11D3-BF4B-00C04F79EFBC}") = "FeedUtils", "Base\FeedUtils\FeedUtils.csproj", "{9EF69046-DD12-4EB3-8034-2F0F10DFB9C1}"
EndProject
Project("{FAE04EC0-301F-11D3-BF4B-00C04F79EFBC}") = "Feed.YahooOoples", "Feeds\Feed.YahooOoples\Feed.YahooOoples.csproj", "{CD0B3AF5-7BC7-4B11-AE1F-2169BFC644B0}"
EndProject
Project("{FAE04EC0-301F-11D3-BF4B-00C04F79EFBC}") = "Feed.SEC", "Feeds\Feed.SEC\Feed.SEC.csproj", "{81E2C5FC-50D1-4C70-80A1-551B9CCF796C}"
EndProject
Project("{2150E333-8FDC-42A3-9474-1A3956D46DE8}") = "Feeds", "Feeds", "{DEAE1EA9-CC0C-4959-955D-C98BB7445BC9}"
EndProject
Project("{FAE04EC0-301F-11D3-BF4B-00C04F79EFBC}") = "Feed.SEC.Tests", "Tests\Feeds\Feed.SEC.Tests\Feed.SEC.Tests.csproj", "{1A1B78B3-E6F4-4C50-89ED-6FA9BE6ECCD1}"
EndProject
Project("{FAE04EC0-301F-11D3-BF4B-00C04F79EFBC}") = "SECFetcher", "Tools\SECFetcher\SECFetcher.csproj", "{46320BEB-D2AB-4F06-9F5B-85E1438CEC48}"
EndProject
Project("{FAE04EC0-301F-11D3-BF4B-00C04F79EFBC}") = "TreeLib", "Base\TreeLib\TreeLib.csproj", "{DC032104-FB8B-49F0-9D88-79A57C72D33D}"
EndProject
Project("{FAE04EC0-301F-11D3-BF4B-00C04F79EFBC}") = "ScrapeUtils", "Base\ScrapeUtils\ScrapeUtils.csproj", "{586DF86F-CB96-4418-B378-11D866ABF7B4}"
EndProject
Project("{FAE04EC0-301F-11D3-BF4B-00C04F79EFBC}") = "Feed.Trading212", "Feeds\Feed.Trading212\Feed.Trading212.csproj", "{1964A087-87B0-437C-930A-8B211FFA51B7}"
EndProject
Project("{FAE04EC0-301F-11D3-BF4B-00C04F79EFBC}") = "WebScript", "Play\WebScript\WebScript.csproj", "{266B60D0-1436-4B2D-AA53-0AAF3F5A4D62}"
EndProject
Project("{FAE04EC0-301F-11D3-BF4B-00C04F79EFBC}") = "RxLib", "Base\RxLib\RxLib.csproj", "{EE1E6CB2-5CF7-4CFA-AA3F-B6686FAD0B2B}"
EndProject
Project("{FAE04EC0-301F-11D3-BF4B-00C04F79EFBC}") = "Feed.Universe", "Feeds\Feed.Universe\Feed.Universe.csproj", "{DC22F4A7-ADCE-4E95-A8F4-09FFBFF89ADD}"
EndProject
Project("{FAE04EC0-301F-11D3-BF4B-00C04F79EFBC}") = "Feed.Best", "Feeds\Feed.Best\Feed.Best.csproj", "{1D972DAA-49D9-4524-96BD-77D551EA20DB}"
EndProject
Global
	GlobalSection(SolutionConfigurationPlatforms) = preSolution
		Debug|Any CPU = Debug|Any CPU
		Release|Any CPU = Release|Any CPU
	EndGlobalSection
	GlobalSection(ProjectConfigurationPlatforms) = postSolution
		{3F1F9D2A-2ED6-4D7A-96CB-2FFB4B32C847}.Debug|Any CPU.ActiveCfg = Debug|Any CPU
		{3F1F9D2A-2ED6-4D7A-96CB-2FFB4B32C847}.Debug|Any CPU.Build.0 = Debug|Any CPU
		{3F1F9D2A-2ED6-4D7A-96CB-2FFB4B32C847}.Release|Any CPU.ActiveCfg = Release|Any CPU
		{3F1F9D2A-2ED6-4D7A-96CB-2FFB4B32C847}.Release|Any CPU.Build.0 = Release|Any CPU
		{0E935B30-D322-4AF5-947D-509787E433CE}.Debug|Any CPU.ActiveCfg = Debug|Any CPU
		{0E935B30-D322-4AF5-947D-509787E433CE}.Debug|Any CPU.Build.0 = Debug|Any CPU
		{0E935B30-D322-4AF5-947D-509787E433CE}.Release|Any CPU.ActiveCfg = Release|Any CPU
		{0E935B30-D322-4AF5-947D-509787E433CE}.Release|Any CPU.Build.0 = Release|Any CPU
		{4705D287-6271-4A85-B344-E1828FD44A09}.Debug|Any CPU.ActiveCfg = Debug|Any CPU
		{4705D287-6271-4A85-B344-E1828FD44A09}.Debug|Any CPU.Build.0 = Debug|Any CPU
		{4705D287-6271-4A85-B344-E1828FD44A09}.Release|Any CPU.ActiveCfg = Release|Any CPU
		{4705D287-6271-4A85-B344-E1828FD44A09}.Release|Any CPU.Build.0 = Release|Any CPU
		{C6EA8289-A6EF-46A0-855E-143E29983EB7}.Debug|Any CPU.ActiveCfg = Debug|Any CPU
		{C6EA8289-A6EF-46A0-855E-143E29983EB7}.Debug|Any CPU.Build.0 = Debug|Any CPU
		{C6EA8289-A6EF-46A0-855E-143E29983EB7}.Release|Any CPU.ActiveCfg = Release|Any CPU
		{C6EA8289-A6EF-46A0-855E-143E29983EB7}.Release|Any CPU.Build.0 = Release|Any CPU
		{E6E548FB-0D35-4CA1-A9EC-C66A9C23EE7D}.Debug|Any CPU.ActiveCfg = Debug|Any CPU
		{E6E548FB-0D35-4CA1-A9EC-C66A9C23EE7D}.Debug|Any CPU.Build.0 = Debug|Any CPU
		{E6E548FB-0D35-4CA1-A9EC-C66A9C23EE7D}.Release|Any CPU.ActiveCfg = Release|Any CPU
		{E6E548FB-0D35-4CA1-A9EC-C66A9C23EE7D}.Release|Any CPU.Build.0 = Release|Any CPU
		{A17B5FB2-FA12-4082-8AB1-747D1EDC8145}.Debug|Any CPU.ActiveCfg = Debug|Any CPU
		{A17B5FB2-FA12-4082-8AB1-747D1EDC8145}.Debug|Any CPU.Build.0 = Debug|Any CPU
		{A17B5FB2-FA12-4082-8AB1-747D1EDC8145}.Release|Any CPU.ActiveCfg = Release|Any CPU
		{A17B5FB2-FA12-4082-8AB1-747D1EDC8145}.Release|Any CPU.Build.0 = Release|Any CPU
		{3FC81F69-7778-4DC0-99C4-12F3DB5E0EAE}.Debug|Any CPU.ActiveCfg = Debug|Any CPU
		{3FC81F69-7778-4DC0-99C4-12F3DB5E0EAE}.Debug|Any CPU.Build.0 = Debug|Any CPU
		{3FC81F69-7778-4DC0-99C4-12F3DB5E0EAE}.Release|Any CPU.ActiveCfg = Release|Any CPU
		{3FC81F69-7778-4DC0-99C4-12F3DB5E0EAE}.Release|Any CPU.Build.0 = Release|Any CPU
		{585C3E6E-8561-4F02-A4F3-57E416FD533A}.Debug|Any CPU.ActiveCfg = Debug|Any CPU
		{585C3E6E-8561-4F02-A4F3-57E416FD533A}.Debug|Any CPU.Build.0 = Debug|Any CPU
		{585C3E6E-8561-4F02-A4F3-57E416FD533A}.Release|Any CPU.ActiveCfg = Release|Any CPU
		{585C3E6E-8561-4F02-A4F3-57E416FD533A}.Release|Any CPU.Build.0 = Release|Any CPU
		{289E924D-AA3E-4174-A209-E2C95BE91680}.Debug|Any CPU.ActiveCfg = Debug|Any CPU
		{289E924D-AA3E-4174-A209-E2C95BE91680}.Debug|Any CPU.Build.0 = Debug|Any CPU
		{289E924D-AA3E-4174-A209-E2C95BE91680}.Release|Any CPU.ActiveCfg = Release|Any CPU
		{289E924D-AA3E-4174-A209-E2C95BE91680}.Release|Any CPU.Build.0 = Release|Any CPU
		{2BBCE09E-6458-4B44-A80F-F6130C13BF10}.Debug|Any CPU.ActiveCfg = Debug|Any CPU
		{2BBCE09E-6458-4B44-A80F-F6130C13BF10}.Debug|Any CPU.Build.0 = Debug|Any CPU
		{2BBCE09E-6458-4B44-A80F-F6130C13BF10}.Release|Any CPU.ActiveCfg = Release|Any CPU
		{2BBCE09E-6458-4B44-A80F-F6130C13BF10}.Release|Any CPU.Build.0 = Release|Any CPU
		{9EF69046-DD12-4EB3-8034-2F0F10DFB9C1}.Debug|Any CPU.ActiveCfg = Debug|Any CPU
		{9EF69046-DD12-4EB3-8034-2F0F10DFB9C1}.Debug|Any CPU.Build.0 = Debug|Any CPU
		{9EF69046-DD12-4EB3-8034-2F0F10DFB9C1}.Release|Any CPU.ActiveCfg = Release|Any CPU
		{9EF69046-DD12-4EB3-8034-2F0F10DFB9C1}.Release|Any CPU.Build.0 = Release|Any CPU
		{CD0B3AF5-7BC7-4B11-AE1F-2169BFC644B0}.Debug|Any CPU.ActiveCfg = Debug|Any CPU
		{CD0B3AF5-7BC7-4B11-AE1F-2169BFC644B0}.Debug|Any CPU.Build.0 = Debug|Any CPU
		{CD0B3AF5-7BC7-4B11-AE1F-2169BFC644B0}.Release|Any CPU.ActiveCfg = Release|Any CPU
		{CD0B3AF5-7BC7-4B11-AE1F-2169BFC644B0}.Release|Any CPU.Build.0 = Release|Any CPU
		{81E2C5FC-50D1-4C70-80A1-551B9CCF796C}.Debug|Any CPU.ActiveCfg = Debug|Any CPU
		{81E2C5FC-50D1-4C70-80A1-551B9CCF796C}.Debug|Any CPU.Build.0 = Debug|Any CPU
		{81E2C5FC-50D1-4C70-80A1-551B9CCF796C}.Release|Any CPU.ActiveCfg = Release|Any CPU
		{81E2C5FC-50D1-4C70-80A1-551B9CCF796C}.Release|Any CPU.Build.0 = Release|Any CPU
		{1A1B78B3-E6F4-4C50-89ED-6FA9BE6ECCD1}.Debug|Any CPU.ActiveCfg = Debug|Any CPU
		{1A1B78B3-E6F4-4C50-89ED-6FA9BE6ECCD1}.Debug|Any CPU.Build.0 = Debug|Any CPU
		{1A1B78B3-E6F4-4C50-89ED-6FA9BE6ECCD1}.Release|Any CPU.ActiveCfg = Release|Any CPU
		{1A1B78B3-E6F4-4C50-89ED-6FA9BE6ECCD1}.Release|Any CPU.Build.0 = Release|Any CPU
		{46320BEB-D2AB-4F06-9F5B-85E1438CEC48}.Debug|Any CPU.ActiveCfg = Debug|Any CPU
		{46320BEB-D2AB-4F06-9F5B-85E1438CEC48}.Debug|Any CPU.Build.0 = Debug|Any CPU
		{46320BEB-D2AB-4F06-9F5B-85E1438CEC48}.Release|Any CPU.ActiveCfg = Release|Any CPU
		{46320BEB-D2AB-4F06-9F5B-85E1438CEC48}.Release|Any CPU.Build.0 = Release|Any CPU
		{DC032104-FB8B-49F0-9D88-79A57C72D33D}.Debug|Any CPU.ActiveCfg = Debug|Any CPU
		{DC032104-FB8B-49F0-9D88-79A57C72D33D}.Debug|Any CPU.Build.0 = Debug|Any CPU
		{DC032104-FB8B-49F0-9D88-79A57C72D33D}.Release|Any CPU.ActiveCfg = Release|Any CPU
		{DC032104-FB8B-49F0-9D88-79A57C72D33D}.Release|Any CPU.Build.0 = Release|Any CPU
		{586DF86F-CB96-4418-B378-11D866ABF7B4}.Debug|Any CPU.ActiveCfg = Debug|Any CPU
		{586DF86F-CB96-4418-B378-11D866ABF7B4}.Debug|Any CPU.Build.0 = Debug|Any CPU
		{586DF86F-CB96-4418-B378-11D866ABF7B4}.Release|Any CPU.ActiveCfg = Release|Any CPU
		{586DF86F-CB96-4418-B378-11D866ABF7B4}.Release|Any CPU.Build.0 = Release|Any CPU
		{1964A087-87B0-437C-930A-8B211FFA51B7}.Debug|Any CPU.ActiveCfg = Debug|Any CPU
		{1964A087-87B0-437C-930A-8B211FFA51B7}.Debug|Any CPU.Build.0 = Debug|Any CPU
		{1964A087-87B0-437C-930A-8B211FFA51B7}.Release|Any CPU.ActiveCfg = Release|Any CPU
		{1964A087-87B0-437C-930A-8B211FFA51B7}.Release|Any CPU.Build.0 = Release|Any CPU
		{266B60D0-1436-4B2D-AA53-0AAF3F5A4D62}.Debug|Any CPU.ActiveCfg = Debug|Any CPU
		{266B60D0-1436-4B2D-AA53-0AAF3F5A4D62}.Debug|Any CPU.Build.0 = Debug|Any CPU
		{266B60D0-1436-4B2D-AA53-0AAF3F5A4D62}.Release|Any CPU.ActiveCfg = Release|Any CPU
		{266B60D0-1436-4B2D-AA53-0AAF3F5A4D62}.Release|Any CPU.Build.0 = Release|Any CPU
		{EE1E6CB2-5CF7-4CFA-AA3F-B6686FAD0B2B}.Debug|Any CPU.ActiveCfg = Debug|Any CPU
		{EE1E6CB2-5CF7-4CFA-AA3F-B6686FAD0B2B}.Debug|Any CPU.Build.0 = Debug|Any CPU
		{EE1E6CB2-5CF7-4CFA-AA3F-B6686FAD0B2B}.Release|Any CPU.ActiveCfg = Release|Any CPU
		{EE1E6CB2-5CF7-4CFA-AA3F-B6686FAD0B2B}.Release|Any CPU.Build.0 = Release|Any CPU
		{DC22F4A7-ADCE-4E95-A8F4-09FFBFF89ADD}.Debug|Any CPU.ActiveCfg = Debug|Any CPU
		{DC22F4A7-ADCE-4E95-A8F4-09FFBFF89ADD}.Debug|Any CPU.Build.0 = Debug|Any CPU
		{DC22F4A7-ADCE-4E95-A8F4-09FFBFF89ADD}.Release|Any CPU.ActiveCfg = Release|Any CPU
		{DC22F4A7-ADCE-4E95-A8F4-09FFBFF89ADD}.Release|Any CPU.Build.0 = Release|Any CPU
		{1D972DAA-49D9-4524-96BD-77D551EA20DB}.Debug|Any CPU.ActiveCfg = Debug|Any CPU
		{1D972DAA-49D9-4524-96BD-77D551EA20DB}.Debug|Any CPU.Build.0 = Debug|Any CPU
		{1D972DAA-49D9-4524-96BD-77D551EA20DB}.Release|Any CPU.ActiveCfg = Release|Any CPU
		{1D972DAA-49D9-4524-96BD-77D551EA20DB}.Release|Any CPU.Build.0 = Release|Any CPU
	EndGlobalSection
	GlobalSection(SolutionProperties) = preSolution
		HideSolutionNode = FALSE
	EndGlobalSection
	GlobalSection(NestedProjects) = preSolution
		{0E935B30-D322-4AF5-947D-509787E433CE} = {BD544332-FD7D-4F2F-ADCE-B96F4291A567}
		{4705D287-6271-4A85-B344-E1828FD44A09} = {7D3A5C00-D835-4C5D-ACF5-B1471E273713}
		{C6EA8289-A6EF-46A0-855E-143E29983EB7} = {3EDE982A-79E6-475A-AAE5-EA4C076007E3}
		{E6E548FB-0D35-4CA1-A9EC-C66A9C23EE7D} = {02EA681E-C7D8-13C7-8484-4AC65E1B71E8}
		{A17B5FB2-FA12-4082-8AB1-747D1EDC8145} = {0946170A-7178-4B9B-A594-6903E642943F}
		{3FC81F69-7778-4DC0-99C4-12F3DB5E0EAE} = {0946170A-7178-4B9B-A594-6903E642943F}
		{585C3E6E-8561-4F02-A4F3-57E416FD533A} = {0946170A-7178-4B9B-A594-6903E642943F}
		{289E924D-AA3E-4174-A209-E2C95BE91680} = {02EA681E-C7D8-13C7-8484-4AC65E1B71E8}
		{2BBCE09E-6458-4B44-A80F-F6130C13BF10} = {02EA681E-C7D8-13C7-8484-4AC65E1B71E8}
		{9EF69046-DD12-4EB3-8034-2F0F10DFB9C1} = {0946170A-7178-4B9B-A594-6903E642943F}
		{CD0B3AF5-7BC7-4B11-AE1F-2169BFC644B0} = {02EA681E-C7D8-13C7-8484-4AC65E1B71E8}
		{81E2C5FC-50D1-4C70-80A1-551B9CCF796C} = {02EA681E-C7D8-13C7-8484-4AC65E1B71E8}
		{DEAE1EA9-CC0C-4959-955D-C98BB7445BC9} = {7D3A5C00-D835-4C5D-ACF5-B1471E273713}
		{1A1B78B3-E6F4-4C50-89ED-6FA9BE6ECCD1} = {DEAE1EA9-CC0C-4959-955D-C98BB7445BC9}
		{46320BEB-D2AB-4F06-9F5B-85E1438CEC48} = {3EDE982A-79E6-475A-AAE5-EA4C076007E3}
		{DC032104-FB8B-49F0-9D88-79A57C72D33D} = {0946170A-7178-4B9B-A594-6903E642943F}
		{586DF86F-CB96-4418-B378-11D866ABF7B4} = {0946170A-7178-4B9B-A594-6903E642943F}
		{1964A087-87B0-437C-930A-8B211FFA51B7} = {02EA681E-C7D8-13C7-8484-4AC65E1B71E8}
		{266B60D0-1436-4B2D-AA53-0AAF3F5A4D62} = {BD544332-FD7D-4F2F-ADCE-B96F4291A567}
		{EE1E6CB2-5CF7-4CFA-AA3F-B6686FAD0B2B} = {0946170A-7178-4B9B-A594-6903E642943F}
		{DC22F4A7-ADCE-4E95-A8F4-09FFBFF89ADD} = {02EA681E-C7D8-13C7-8484-4AC65E1B71E8}
		{1D972DAA-49D9-4524-96BD-77D551EA20DB} = {02EA681E-C7D8-13C7-8484-4AC65E1B71E8}
	EndGlobalSection
	GlobalSection(ExtensibilityGlobals) = postSolution
		SolutionGuid = {A7A8AEEE-1DC4-48AB-B408-B585C3FA091C}
	EndGlobalSection
EndGlobal
